PODS:
  - barcodescanner (0.0.1):
    - Flutter
    - ZXingObjC
  - Flutter (1.0.0)
  - ZXingObjC (3.2.1):
    - ZXingObjC/All (= 3.2.1)
  - ZXingObjC/All (3.2.1)

DEPENDENCIES:
  - barcodescanner (from `/Users/emvolution/Desktop/dev/BarcodeScannerPlugin/ios`)
  - Flutter (from `/Users/emvolution/flutter/bin/cache/artifacts/engine/ios`)

EXTERNAL SOURCES:
  barcodescanner:
    :path: /Users/emvolution/Desktop/dev/BarcodeScannerPlugin/ios
  Flutter:
    :path: /Users/emvolution/flutter/bin/cache/artifacts/engine/ios

SPEC CHECKSUMS:
  barcodescanner: a07c090346d61f50c250c49f63ce366d07617586
  Flutter: d674e78c937094a75ac71dd77e921e840bea3dbf
  ZXingObjC: bbf7b8f0cf8933fdd33eb4f9f46e22308552869b

PODFILE CHECKSUM: 1003743f06ec24ad436e3271b83a8ca2bee2fed4

COCOAPODS: 1.2.1
